// !$*UTF8*$!
{
	archiveVersion = 1;
	classes = {
	};
	objectVersion = 50;
	objects = {

/* Begin PBXBuildFile section */
		4223599632CB585020380B60 /* Pods_Bantu.framework in Frameworks */ = {isa = PBXBuildFile; fileRef = 3553256243A38A44EBE8EA3F /* Pods_Bantu.framework */; };
		850B31F922D1E6150005E0CA /* PostServices.swift in Sources */ = {isa = PBXBuildFile; fileRef = 850B31F822D1E6150005E0CA /* PostServices.swift */; };
		850B31FC22D1F3240005E0CA /* LocalServices.swift in Sources */ = {isa = PBXBuildFile; fileRef = 850B31FB22D1F3240005E0CA /* LocalServices.swift */; };
		850B31FF22D1F3FA0005E0CA /* LocalModel.xcdatamodeld in Sources */ = {isa = PBXBuildFile; fileRef = 850B31FD22D1F3FA0005E0CA /* LocalModel.xcdatamodeld */; };
		850B320D22D1FDCB0005E0CA /* DraftEntityModel.swift in Sources */ = {isa = PBXBuildFile; fileRef = 850B320C22D1FDCB0005E0CA /* DraftEntityModel.swift */; };
		850B321022D1FE730005E0CA /* DraftEntity+CoreDataProperties.swift in Sources */ = {isa = PBXBuildFile; fileRef = 850B320E22D1FE720005E0CA /* DraftEntity+CoreDataProperties.swift */; };
		850B321122D1FE730005E0CA /* DraftEntity+CoreDataClass.swift in Sources */ = {isa = PBXBuildFile; fileRef = 850B320F22D1FE720005E0CA /* DraftEntity+CoreDataClass.swift */; };
		8539CF8922D31ECA004645B7 /* Event.swift in Sources */ = {isa = PBXBuildFile; fileRef = 8539CF8822D31ECA004645B7 /* Event.swift */; };
		8539CF8B22D329EE004645B7 /* EventServices.swift in Sources */ = {isa = PBXBuildFile; fileRef = 8539CF8A22D329EE004645B7 /* EventServices.swift */; };
		85E5CD7722C23735005937F7 /* AppDelegate.swift in Sources */ = {isa = PBXBuildFile; fileRef = 85E5CD7622C23735005937F7 /* AppDelegate.swift */; };
		85E5CD7C22C23735005937F7 /* Main.storyboard in Resources */ = {isa = PBXBuildFile; fileRef = 85E5CD7A22C23735005937F7 /* Main.storyboard */; };
		85E5CD7E22C23736005937F7 /* Assets.xcassets in Resources */ = {isa = PBXBuildFile; fileRef = 85E5CD7D22C23736005937F7 /* Assets.xcassets */; };
		85E5CD8122C23736005937F7 /* LaunchScreen.storyboard in Resources */ = {isa = PBXBuildFile; fileRef = 85E5CD7F22C23736005937F7 /* LaunchScreen.storyboard */; };
		89C776ED22C23F4000BA96B3 /* GoogleService-Info.plist in Resources */ = {isa = PBXBuildFile; fileRef = 89C776EC22C23F4000BA96B3 /* GoogleService-Info.plist */; };
		89C776F122C8EE6000BA96B3 /* MainEventListViewController.swift in Sources */ = {isa = PBXBuildFile; fileRef = 89C776F022C8EE6000BA96B3 /* MainEventListViewController.swift */; };
		89C776FA22CA68F700BA96B3 /* LogInViewController.swift in Sources */ = {isa = PBXBuildFile; fileRef = 89C776F822CA68F600BA96B3 /* LogInViewController.swift */; };
		89C776FB22CA68F700BA96B3 /* LogInViewController.xib in Resources */ = {isa = PBXBuildFile; fileRef = 89C776F922CA68F700BA96B3 /* LogInViewController.xib */; };
		89C776FF22CA698C00BA96B3 /* UITextField+Design.swift in Sources */ = {isa = PBXBuildFile; fileRef = 89C776FE22CA698C00BA96B3 /* UITextField+Design.swift */; };
		89C7770522CA73C300BA96B3 /* Globals.swift in Sources */ = {isa = PBXBuildFile; fileRef = 89C7770422CA73C300BA96B3 /* Globals.swift */; };
		89C7770822CB090C00BA96B3 /* SignUpViewController.swift in Sources */ = {isa = PBXBuildFile; fileRef = 89C7770622CB090C00BA96B3 /* SignUpViewController.swift */; };
		89C7770922CB090C00BA96B3 /* SignUpViewController.xib in Resources */ = {isa = PBXBuildFile; fileRef = 89C7770722CB090C00BA96B3 /* SignUpViewController.xib */; };
		89C7770C22CB913700BA96B3 /* CreateDraftViewController.swift in Sources */ = {isa = PBXBuildFile; fileRef = 89C7770A22CB913700BA96B3 /* CreateDraftViewController.swift */; };
		89C7770D22CB913700BA96B3 /* CreateDraftViewController.xib in Resources */ = {isa = PBXBuildFile; fileRef = 89C7770B22CB913700BA96B3 /* CreateDraftViewController.xib */; };
		89C7771122CBBF6700BA96B3 /* ImageCollectionViewCell.swift in Sources */ = {isa = PBXBuildFile; fileRef = 89C7770F22CBBF6700BA96B3 /* ImageCollectionViewCell.swift */; };
		89C7771222CBBF6700BA96B3 /* ImageCollectionViewCell.xib in Resources */ = {isa = PBXBuildFile; fileRef = 89C7771022CBBF6700BA96B3 /* ImageCollectionViewCell.xib */; };
		89C7771822CC664100BA96B3 /* UIButton+Design.swift in Sources */ = {isa = PBXBuildFile; fileRef = 89C7771722CC664100BA96B3 /* UIButton+Design.swift */; };
		89C7771B22CCAE0500BA96B3 /* FooterCollectionReusableView.swift in Sources */ = {isa = PBXBuildFile; fileRef = 89C7771922CCAE0500BA96B3 /* FooterCollectionReusableView.swift */; };
		89C7771C22CCAE0500BA96B3 /* FooterCollectionReusableView.xib in Resources */ = {isa = PBXBuildFile; fileRef = 89C7771A22CCAE0500BA96B3 /* FooterCollectionReusableView.xib */; };
		89C7771E22CCD89800BA96B3 /* UITextView+Placeholder.swift in Sources */ = {isa = PBXBuildFile; fileRef = 89C7771D22CCD89800BA96B3 /* UITextView+Placeholder.swift */; };
		89C7772022CD004B00BA96B3 /* UIImage+Compression.swift in Sources */ = {isa = PBXBuildFile; fileRef = 89C7771F22CD004B00BA96B3 /* UIImage+Compression.swift */; };
		89C7772922CD1AD700BA96B3 /* DraftListViewController.swift in Sources */ = {isa = PBXBuildFile; fileRef = 89C7772722CD1AD700BA96B3 /* DraftListViewController.swift */; };
		89C7772A22CD1AD700BA96B3 /* DraftListViewController.xib in Resources */ = {isa = PBXBuildFile; fileRef = 89C7772822CD1AD700BA96B3 /* DraftListViewController.xib */; };
		89C7772F22CD9C7B00BA96B3 /* DraftListTableViewCell.swift in Sources */ = {isa = PBXBuildFile; fileRef = 89C7772D22CD9C7B00BA96B3 /* DraftListTableViewCell.swift */; };
		89C7773022CD9C7B00BA96B3 /* DraftListTableViewCell.xib in Resources */ = {isa = PBXBuildFile; fileRef = 89C7772E22CD9C7B00BA96B3 /* DraftListTableViewCell.xib */; };
		89E62D8022CFAFCA007922FF /* AdminSubmissionListViewController.swift in Sources */ = {isa = PBXBuildFile; fileRef = 89E62D7E22CFAFCA007922FF /* AdminSubmissionListViewController.swift */; };
		89E62D8122CFAFCA007922FF /* AdminSubmissionListViewController.xib in Resources */ = {isa = PBXBuildFile; fileRef = 89E62D7F22CFAFCA007922FF /* AdminSubmissionListViewController.xib */; };
		89E62D8622CFB0F5007922FF /* AdminSubmissionListTableViewCell.swift in Sources */ = {isa = PBXBuildFile; fileRef = 89E62D8422CFB0F5007922FF /* AdminSubmissionListTableViewCell.swift */; };
		89E62D8722CFB0F5007922FF /* AdminSubmissionListTableViewCell.xib in Resources */ = {isa = PBXBuildFile; fileRef = 89E62D8522CFB0F5007922FF /* AdminSubmissionListTableViewCell.xib */; };
		89E62D8922CFB383007922FF /* UIImage+DownloadImage.swift in Sources */ = {isa = PBXBuildFile; fileRef = 89E62D8822CFB383007922FF /* UIImage+DownloadImage.swift */; };
		89E62D8C22D04BC1007922FF /* SubmissionDetailViewController.swift in Sources */ = {isa = PBXBuildFile; fileRef = 89E62D8A22D04BC1007922FF /* SubmissionDetailViewController.swift */; };
		89E62D8D22D04BC1007922FF /* SubmissionDetailViewController.xib in Resources */ = {isa = PBXBuildFile; fileRef = 89E62D8B22D04BC1007922FF /* SubmissionDetailViewController.xib */; };
		89E62D9522D0549E007922FF /* GlobalSession.swift in Sources */ = {isa = PBXBuildFile; fileRef = 89E62D8F22D0549E007922FF /* GlobalSession.swift */; };
		89E62D9622D0549E007922FF /* UserServices.swift in Sources */ = {isa = PBXBuildFile; fileRef = 89E62D9022D0549E007922FF /* UserServices.swift */; };
		89E62D9722D0549E007922FF /* Location.swift in Sources */ = {isa = PBXBuildFile; fileRef = 89E62D9222D0549E007922FF /* Location.swift */; };
		89E62D9822D0549E007922FF /* User.swift in Sources */ = {isa = PBXBuildFile; fileRef = 89E62D9322D0549E007922FF /* User.swift */; };
		89E62D9922D0549E007922FF /* Post.swift in Sources */ = {isa = PBXBuildFile; fileRef = 89E62D9422D0549E007922FF /* Post.swift */; };
		89E62D9C22D0FD45007922FF /* CreateEventViewController.swift in Sources */ = {isa = PBXBuildFile; fileRef = 89E62D9A22D0FD45007922FF /* CreateEventViewController.swift */; };
		89E62D9D22D0FD45007922FF /* CreateEventViewController.xib in Resources */ = {isa = PBXBuildFile; fileRef = 89E62D9B22D0FD45007922FF /* CreateEventViewController.xib */; };
		89E62DA022D1C880007922FF /* ChooseSchoolViewController.swift in Sources */ = {isa = PBXBuildFile; fileRef = 89E62D9E22D1C880007922FF /* ChooseSchoolViewController.swift */; };
		89E62DA122D1C880007922FF /* ChooseSchoolViewController.xib in Resources */ = {isa = PBXBuildFile; fileRef = 89E62D9F22D1C880007922FF /* ChooseSchoolViewController.xib */; };
		89E62DA822D1E8BA007922FF /* UserSubmissionListViewController.swift in Sources */ = {isa = PBXBuildFile; fileRef = 89E62DA622D1E8BA007922FF /* UserSubmissionListViewController.swift */; };
		89E62DA922D1E8BA007922FF /* UserSubmissionListViewController.xib in Resources */ = {isa = PBXBuildFile; fileRef = 89E62DA722D1E8BA007922FF /* UserSubmissionListViewController.xib */; };
		89E62DAE22D1F581007922FF /* UserSubmissionListTableViewCell.swift in Sources */ = {isa = PBXBuildFile; fileRef = 89E62DAC22D1F581007922FF /* UserSubmissionListTableViewCell.swift */; };
		89E62DAF22D1F581007922FF /* UserSubmissionListTableViewCell.xib in Resources */ = {isa = PBXBuildFile; fileRef = 89E62DAD22D1F581007922FF /* UserSubmissionListTableViewCell.xib */; };
		89E62DB122D20AF2007922FF /* String+DownloadImage.swift in Sources */ = {isa = PBXBuildFile; fileRef = 89E62DB022D20AF2007922FF /* String+DownloadImage.swift */; };
		89E62DB622D3027A007922FF /* EventListViewController.swift in Sources */ = {isa = PBXBuildFile; fileRef = 89E62DB422D3027A007922FF /* EventListViewController.swift */; };
		89E62DB722D3027A007922FF /* EventListViewController.xib in Resources */ = {isa = PBXBuildFile; fileRef = 89E62DB522D3027A007922FF /* EventListViewController.xib */; };
		89E62DBA22D30A33007922FF /* EventListTableViewCell.swift in Sources */ = {isa = PBXBuildFile; fileRef = 89E62DB822D30A33007922FF /* EventListTableViewCell.swift */; };
		89E62DBB22D30A33007922FF /* EventListTableViewCell.xib in Resources */ = {isa = PBXBuildFile; fileRef = 89E62DB922D30A33007922FF /* EventListTableViewCell.xib */; };
		89E62DBD22D32BFE007922FF /* UIColor+Bantu.swift in Sources */ = {isa = PBXBuildFile; fileRef = 89E62DBC22D32BFE007922FF /* UIColor+Bantu.swift */; };
		89E62DC022D33254007922FF /* EventDetailViewController.swift in Sources */ = {isa = PBXBuildFile; fileRef = 89E62DBE22D33254007922FF /* EventDetailViewController.swift */; };
		89E62DC122D33254007922FF /* EventDetailViewController.xib in Resources */ = {isa = PBXBuildFile; fileRef = 89E62DBF22D33254007922FF /* EventDetailViewController.xib */; };
		89E62DC422D3597C007922FF /* SeeMoreViewController.swift in Sources */ = {isa = PBXBuildFile; fileRef = 89E62DC222D3597C007922FF /* SeeMoreViewController.swift */; };
		89E62DC522D3597C007922FF /* SeeMoreViewController.xib in Resources */ = {isa = PBXBuildFile; fileRef = 89E62DC322D3597C007922FF /* SeeMoreViewController.xib */; };
		89E62DC822D385E0007922FF /* ProfileViewController.swift in Sources */ = {isa = PBXBuildFile; fileRef = 89E62DC622D385E0007922FF /* ProfileViewController.swift */; };
		89E62DC922D385E0007922FF /* ProfileViewController.xib in Resources */ = {isa = PBXBuildFile; fileRef = 89E62DC722D385E0007922FF /* ProfileViewController.xib */; };
/* End PBXBuildFile section */

/* Begin PBXFileReference section */
		34E0EEB44D00F9497FEC8D47 /* Pods-Bantu.release.xcconfig */ = {isa = PBXFileReference; includeInIndex = 1; lastKnownFileType = text.xcconfig; name = "Pods-Bantu.release.xcconfig"; path = "Pods/Target Support Files/Pods-Bantu/Pods-Bantu.release.xcconfig"; sourceTree = "<group>"; };
		3553256243A38A44EBE8EA3F /* Pods_Bantu.framework */ = {isa = PBXFileReference; explicitFileType = wrapper.framework; includeInIndex = 0; path = Pods_Bantu.framework; sourceTree = BUILT_PRODUCTS_DIR; };
		850B31F822D1E6150005E0CA /* PostServices.swift */ = {isa = PBXFileReference; fileEncoding = 4; lastKnownFileType = sourcecode.swift; path = PostServices.swift; sourceTree = "<group>"; };
		850B31FB22D1F3240005E0CA /* LocalServices.swift */ = {isa = PBXFileReference; lastKnownFileType = sourcecode.swift; path = LocalServices.swift; sourceTree = "<group>"; };
		850B31FE22D1F3FA0005E0CA /* LocalModel.xcdatamodel */ = {isa = PBXFileReference; lastKnownFileType = wrapper.xcdatamodel; path = LocalModel.xcdatamodel; sourceTree = "<group>"; };
		850B320C22D1FDCB0005E0CA /* DraftEntityModel.swift */ = {isa = PBXFileReference; lastKnownFileType = sourcecode.swift; path = DraftEntityModel.swift; sourceTree = "<group>"; };
		850B320E22D1FE720005E0CA /* DraftEntity+CoreDataProperties.swift */ = {isa = PBXFileReference; fileEncoding = 4; lastKnownFileType = sourcecode.swift; name = "DraftEntity+CoreDataProperties.swift"; path = "../../DraftEntity+CoreDataProperties.swift"; sourceTree = "<group>"; };
		850B320F22D1FE720005E0CA /* DraftEntity+CoreDataClass.swift */ = {isa = PBXFileReference; fileEncoding = 4; lastKnownFileType = sourcecode.swift; name = "DraftEntity+CoreDataClass.swift"; path = "../../DraftEntity+CoreDataClass.swift"; sourceTree = "<group>"; };
		8539CF8822D31ECA004645B7 /* Event.swift */ = {isa = PBXFileReference; lastKnownFileType = sourcecode.swift; path = Event.swift; sourceTree = "<group>"; };
		8539CF8A22D329EE004645B7 /* EventServices.swift */ = {isa = PBXFileReference; lastKnownFileType = sourcecode.swift; path = EventServices.swift; sourceTree = "<group>"; };
		85E5CD7322C23735005937F7 /* Bantu.app */ = {isa = PBXFileReference; explicitFileType = wrapper.application; includeInIndex = 0; path = Bantu.app; sourceTree = BUILT_PRODUCTS_DIR; };
		85E5CD7622C23735005937F7 /* AppDelegate.swift */ = {isa = PBXFileReference; lastKnownFileType = sourcecode.swift; path = AppDelegate.swift; sourceTree = "<group>"; };
		85E5CD7B22C23735005937F7 /* Base */ = {isa = PBXFileReference; lastKnownFileType = file.storyboard; name = Base; path = Base.lproj/Main.storyboard; sourceTree = "<group>"; };
		85E5CD7D22C23736005937F7 /* Assets.xcassets */ = {isa = PBXFileReference; lastKnownFileType = folder.assetcatalog; path = Assets.xcassets; sourceTree = "<group>"; };
		85E5CD8022C23736005937F7 /* Base */ = {isa = PBXFileReference; lastKnownFileType = file.storyboard; name = Base; path = Base.lproj/LaunchScreen.storyboard; sourceTree = "<group>"; };
		85E5CD8222C23736005937F7 /* Info.plist */ = {isa = PBXFileReference; lastKnownFileType = text.plist.xml; path = Info.plist; sourceTree = "<group>"; };
		89C776EC22C23F4000BA96B3 /* GoogleService-Info.plist */ = {isa = PBXFileReference; fileEncoding = 4; lastKnownFileType = text.plist.xml; path = "GoogleService-Info.plist"; sourceTree = "<group>"; };
		89C776F022C8EE6000BA96B3 /* MainEventListViewController.swift */ = {isa = PBXFileReference; lastKnownFileType = sourcecode.swift; path = MainEventListViewController.swift; sourceTree = "<group>"; };
		89C776F822CA68F600BA96B3 /* LogInViewController.swift */ = {isa = PBXFileReference; lastKnownFileType = sourcecode.swift; path = LogInViewController.swift; sourceTree = "<group>"; };
		89C776F922CA68F700BA96B3 /* LogInViewController.xib */ = {isa = PBXFileReference; lastKnownFileType = file.xib; path = LogInViewController.xib; sourceTree = "<group>"; };
		89C776FE22CA698C00BA96B3 /* UITextField+Design.swift */ = {isa = PBXFileReference; lastKnownFileType = sourcecode.swift; path = "UITextField+Design.swift"; sourceTree = "<group>"; };
		89C7770422CA73C300BA96B3 /* Globals.swift */ = {isa = PBXFileReference; lastKnownFileType = sourcecode.swift; path = Globals.swift; sourceTree = "<group>"; };
		89C7770622CB090C00BA96B3 /* SignUpViewController.swift */ = {isa = PBXFileReference; lastKnownFileType = sourcecode.swift; path = SignUpViewController.swift; sourceTree = "<group>"; };
		89C7770722CB090C00BA96B3 /* SignUpViewController.xib */ = {isa = PBXFileReference; lastKnownFileType = file.xib; path = SignUpViewController.xib; sourceTree = "<group>"; };
		89C7770A22CB913700BA96B3 /* CreateDraftViewController.swift */ = {isa = PBXFileReference; lastKnownFileType = sourcecode.swift; path = CreateDraftViewController.swift; sourceTree = "<group>"; };
		89C7770B22CB913700BA96B3 /* CreateDraftViewController.xib */ = {isa = PBXFileReference; lastKnownFileType = file.xib; path = CreateDraftViewController.xib; sourceTree = "<group>"; };
		89C7770F22CBBF6700BA96B3 /* ImageCollectionViewCell.swift */ = {isa = PBXFileReference; lastKnownFileType = sourcecode.swift; path = ImageCollectionViewCell.swift; sourceTree = "<group>"; };
		89C7771022CBBF6700BA96B3 /* ImageCollectionViewCell.xib */ = {isa = PBXFileReference; lastKnownFileType = file.xib; path = ImageCollectionViewCell.xib; sourceTree = "<group>"; };
		89C7771722CC664100BA96B3 /* UIButton+Design.swift */ = {isa = PBXFileReference; lastKnownFileType = sourcecode.swift; path = "UIButton+Design.swift"; sourceTree = "<group>"; };
		89C7771922CCAE0500BA96B3 /* FooterCollectionReusableView.swift */ = {isa = PBXFileReference; lastKnownFileType = sourcecode.swift; path = FooterCollectionReusableView.swift; sourceTree = "<group>"; };
		89C7771A22CCAE0500BA96B3 /* FooterCollectionReusableView.xib */ = {isa = PBXFileReference; lastKnownFileType = file.xib; path = FooterCollectionReusableView.xib; sourceTree = "<group>"; };
		89C7771D22CCD89800BA96B3 /* UITextView+Placeholder.swift */ = {isa = PBXFileReference; lastKnownFileType = sourcecode.swift; path = "UITextView+Placeholder.swift"; sourceTree = "<group>"; };
		89C7771F22CD004B00BA96B3 /* UIImage+Compression.swift */ = {isa = PBXFileReference; lastKnownFileType = sourcecode.swift; path = "UIImage+Compression.swift"; sourceTree = "<group>"; };
		89C7772722CD1AD700BA96B3 /* DraftListViewController.swift */ = {isa = PBXFileReference; lastKnownFileType = sourcecode.swift; path = DraftListViewController.swift; sourceTree = "<group>"; };
		89C7772822CD1AD700BA96B3 /* DraftListViewController.xib */ = {isa = PBXFileReference; lastKnownFileType = file.xib; path = DraftListViewController.xib; sourceTree = "<group>"; };
		89C7772D22CD9C7B00BA96B3 /* DraftListTableViewCell.swift */ = {isa = PBXFileReference; lastKnownFileType = sourcecode.swift; path = DraftListTableViewCell.swift; sourceTree = "<group>"; };
		89C7772E22CD9C7B00BA96B3 /* DraftListTableViewCell.xib */ = {isa = PBXFileReference; lastKnownFileType = file.xib; path = DraftListTableViewCell.xib; sourceTree = "<group>"; };
		89E62D7E22CFAFCA007922FF /* AdminSubmissionListViewController.swift */ = {isa = PBXFileReference; lastKnownFileType = sourcecode.swift; path = AdminSubmissionListViewController.swift; sourceTree = "<group>"; };
		89E62D7F22CFAFCA007922FF /* AdminSubmissionListViewController.xib */ = {isa = PBXFileReference; lastKnownFileType = file.xib; path = AdminSubmissionListViewController.xib; sourceTree = "<group>"; };
		89E62D8422CFB0F5007922FF /* AdminSubmissionListTableViewCell.swift */ = {isa = PBXFileReference; lastKnownFileType = sourcecode.swift; path = AdminSubmissionListTableViewCell.swift; sourceTree = "<group>"; };
		89E62D8522CFB0F5007922FF /* AdminSubmissionListTableViewCell.xib */ = {isa = PBXFileReference; lastKnownFileType = file.xib; path = AdminSubmissionListTableViewCell.xib; sourceTree = "<group>"; };
		89E62D8822CFB383007922FF /* UIImage+DownloadImage.swift */ = {isa = PBXFileReference; lastKnownFileType = sourcecode.swift; path = "UIImage+DownloadImage.swift"; sourceTree = "<group>"; };
		89E62D8A22D04BC1007922FF /* SubmissionDetailViewController.swift */ = {isa = PBXFileReference; lastKnownFileType = sourcecode.swift; path = SubmissionDetailViewController.swift; sourceTree = "<group>"; };
		89E62D8B22D04BC1007922FF /* SubmissionDetailViewController.xib */ = {isa = PBXFileReference; lastKnownFileType = file.xib; path = SubmissionDetailViewController.xib; sourceTree = "<group>"; };
		89E62D8F22D0549E007922FF /* GlobalSession.swift */ = {isa = PBXFileReference; fileEncoding = 4; lastKnownFileType = sourcecode.swift; path = GlobalSession.swift; sourceTree = "<group>"; };
		89E62D9022D0549E007922FF /* UserServices.swift */ = {isa = PBXFileReference; fileEncoding = 4; lastKnownFileType = sourcecode.swift; path = UserServices.swift; sourceTree = "<group>"; };
		89E62D9222D0549E007922FF /* Location.swift */ = {isa = PBXFileReference; fileEncoding = 4; lastKnownFileType = sourcecode.swift; path = Location.swift; sourceTree = "<group>"; };
		89E62D9322D0549E007922FF /* User.swift */ = {isa = PBXFileReference; fileEncoding = 4; lastKnownFileType = sourcecode.swift; path = User.swift; sourceTree = "<group>"; };
		89E62D9422D0549E007922FF /* Post.swift */ = {isa = PBXFileReference; fileEncoding = 4; lastKnownFileType = sourcecode.swift; path = Post.swift; sourceTree = "<group>"; };
		89E62D9A22D0FD45007922FF /* CreateEventViewController.swift */ = {isa = PBXFileReference; lastKnownFileType = sourcecode.swift; path = CreateEventViewController.swift; sourceTree = "<group>"; };
		89E62D9B22D0FD45007922FF /* CreateEventViewController.xib */ = {isa = PBXFileReference; lastKnownFileType = file.xib; path = CreateEventViewController.xib; sourceTree = "<group>"; };
		89E62D9E22D1C880007922FF /* ChooseSchoolViewController.swift */ = {isa = PBXFileReference; lastKnownFileType = sourcecode.swift; path = ChooseSchoolViewController.swift; sourceTree = "<group>"; };
		89E62D9F22D1C880007922FF /* ChooseSchoolViewController.xib */ = {isa = PBXFileReference; lastKnownFileType = file.xib; path = ChooseSchoolViewController.xib; sourceTree = "<group>"; };
		89E62DA622D1E8BA007922FF /* UserSubmissionListViewController.swift */ = {isa = PBXFileReference; lastKnownFileType = sourcecode.swift; path = UserSubmissionListViewController.swift; sourceTree = "<group>"; };
		89E62DA722D1E8BA007922FF /* UserSubmissionListViewController.xib */ = {isa = PBXFileReference; lastKnownFileType = file.xib; path = UserSubmissionListViewController.xib; sourceTree = "<group>"; };
		89E62DAC22D1F581007922FF /* UserSubmissionListTableViewCell.swift */ = {isa = PBXFileReference; lastKnownFileType = sourcecode.swift; path = UserSubmissionListTableViewCell.swift; sourceTree = "<group>"; };
		89E62DAD22D1F581007922FF /* UserSubmissionListTableViewCell.xib */ = {isa = PBXFileReference; lastKnownFileType = file.xib; path = UserSubmissionListTableViewCell.xib; sourceTree = "<group>"; };
		89E62DB022D20AF2007922FF /* String+DownloadImage.swift */ = {isa = PBXFileReference; lastKnownFileType = sourcecode.swift; path = "String+DownloadImage.swift"; sourceTree = "<group>"; };
		89E62DB422D3027A007922FF /* EventListViewController.swift */ = {isa = PBXFileReference; lastKnownFileType = sourcecode.swift; path = EventListViewController.swift; sourceTree = "<group>"; };
		89E62DB522D3027A007922FF /* EventListViewController.xib */ = {isa = PBXFileReference; lastKnownFileType = file.xib; path = EventListViewController.xib; sourceTree = "<group>"; };
		89E62DB822D30A33007922FF /* EventListTableViewCell.swift */ = {isa = PBXFileReference; lastKnownFileType = sourcecode.swift; path = EventListTableViewCell.swift; sourceTree = "<group>"; };
		89E62DB922D30A33007922FF /* EventListTableViewCell.xib */ = {isa = PBXFileReference; lastKnownFileType = file.xib; path = EventListTableViewCell.xib; sourceTree = "<group>"; };
		89E62DBC22D32BFE007922FF /* UIColor+Bantu.swift */ = {isa = PBXFileReference; lastKnownFileType = sourcecode.swift; path = "UIColor+Bantu.swift"; sourceTree = "<group>"; };
		89E62DBE22D33254007922FF /* EventDetailViewController.swift */ = {isa = PBXFileReference; lastKnownFileType = sourcecode.swift; path = EventDetailViewController.swift; sourceTree = "<group>"; };
		89E62DBF22D33254007922FF /* EventDetailViewController.xib */ = {isa = PBXFileReference; lastKnownFileType = file.xib; path = EventDetailViewController.xib; sourceTree = "<group>"; };
		89E62DC222D3597C007922FF /* SeeMoreViewController.swift */ = {isa = PBXFileReference; lastKnownFileType = sourcecode.swift; path = SeeMoreViewController.swift; sourceTree = "<group>"; };
		89E62DC322D3597C007922FF /* SeeMoreViewController.xib */ = {isa = PBXFileReference; lastKnownFileType = file.xib; path = SeeMoreViewController.xib; sourceTree = "<group>"; };
		89E62DC622D385E0007922FF /* ProfileViewController.swift */ = {isa = PBXFileReference; lastKnownFileType = sourcecode.swift; path = ProfileViewController.swift; sourceTree = "<group>"; };
		89E62DC722D385E0007922FF /* ProfileViewController.xib */ = {isa = PBXFileReference; lastKnownFileType = file.xib; path = ProfileViewController.xib; sourceTree = "<group>"; };
		D530BC9E39FF417DE82BE4D2 /* Pods-Bantu.debug.xcconfig */ = {isa = PBXFileReference; includeInIndex = 1; lastKnownFileType = text.xcconfig; name = "Pods-Bantu.debug.xcconfig"; path = "Pods/Target Support Files/Pods-Bantu/Pods-Bantu.debug.xcconfig"; sourceTree = "<group>"; };
/* End PBXFileReference section */

/* Begin PBXFrameworksBuildPhase section */
		85E5CD7022C23735005937F7 /* Frameworks */ = {
			isa = PBXFrameworksBuildPhase;
			buildActionMask = 2147483647;
			files = (
				4223599632CB585020380B60 /* Pods_Bantu.framework in Frameworks */,
			);
			runOnlyForDeploymentPostprocessing = 0;
		};
/* End PBXFrameworksBuildPhase section */

/* Begin PBXGroup section */
		0B41A8769F36968FE910893D /* Frameworks */ = {
			isa = PBXGroup;
			children = (
				3553256243A38A44EBE8EA3F /* Pods_Bantu.framework */,
			);
			name = Frameworks;
			sourceTree = "<group>";
		};
		850B31FA22D1F30E0005E0CA /* Core Data */ = {
			isa = PBXGroup;
			children = (
				850B320F22D1FE720005E0CA /* DraftEntity+CoreDataClass.swift */,
				850B320E22D1FE720005E0CA /* DraftEntity+CoreDataProperties.swift */,
				850B31FD22D1F3FA0005E0CA /* LocalModel.xcdatamodeld */,
				850B31FB22D1F3240005E0CA /* LocalServices.swift */,
			);
			path = "Core Data";
			sourceTree = "<group>";
		};
		85E5CD6A22C23735005937F7 = {
			isa = PBXGroup;
			children = (
				85E5CD7522C23735005937F7 /* Bantu */,
				85E5CD7422C23735005937F7 /* Products */,
				A76F604089520F4E9C446F22 /* Pods */,
				0B41A8769F36968FE910893D /* Frameworks */,
			);
			sourceTree = "<group>";
		};
		85E5CD7422C23735005937F7 /* Products */ = {
			isa = PBXGroup;
			children = (
				85E5CD7322C23735005937F7 /* Bantu.app */,
			);
			name = Products;
			sourceTree = "<group>";
		};
		85E5CD7522C23735005937F7 /* Bantu */ = {
			isa = PBXGroup;
			children = (
				850B31FA22D1F30E0005E0CA /* Core Data */,
				89E62D8E22D0549E007922FF /* Services */,
				89E62D9122D0549E007922FF /* Model */,
				89C7772B22CD9C4700BA96B3 /* Views */,
				89C776FD22CA696900BA96B3 /* Extensions */,
				89C776FC22CA690000BA96B3 /* SharedUI */,
				89C776F722CA2C2200BA96B3 /* User */,
				89C776F622CA2C1C00BA96B3 /* Admin */,
				85E5CD7622C23735005937F7 /* AppDelegate.swift */,
				85E5CD7A22C23735005937F7 /* Main.storyboard */,
				85E5CD7D22C23736005937F7 /* Assets.xcassets */,
				85E5CD7F22C23736005937F7 /* LaunchScreen.storyboard */,
				85E5CD8222C23736005937F7 /* Info.plist */,
				89C776EC22C23F4000BA96B3 /* GoogleService-Info.plist */,
				89C776F022C8EE6000BA96B3 /* MainEventListViewController.swift */,
				89C7770422CA73C300BA96B3 /* Globals.swift */,
			);
			path = Bantu;
			sourceTree = "<group>";
		};
		89C776F622CA2C1C00BA96B3 /* Admin */ = {
			isa = PBXGroup;
			children = (
				89E62D7E22CFAFCA007922FF /* AdminSubmissionListViewController.swift */,
				89E62D7F22CFAFCA007922FF /* AdminSubmissionListViewController.xib */,
				89E62D9A22D0FD45007922FF /* CreateEventViewController.swift */,
				89E62D9B22D0FD45007922FF /* CreateEventViewController.xib */,
				89E62D9E22D1C880007922FF /* ChooseSchoolViewController.swift */,
				89E62D9F22D1C880007922FF /* ChooseSchoolViewController.xib */,
			);
			path = Admin;
			sourceTree = "<group>";
		};
		89C776F722CA2C2200BA96B3 /* User */ = {
			isa = PBXGroup;
			children = (
				89C7770622CB090C00BA96B3 /* SignUpViewController.swift */,
				89C7770722CB090C00BA96B3 /* SignUpViewController.xib */,
				89C7770A22CB913700BA96B3 /* CreateDraftViewController.swift */,
				89C7770B22CB913700BA96B3 /* CreateDraftViewController.xib */,
				89C7772722CD1AD700BA96B3 /* DraftListViewController.swift */,
				89C7772822CD1AD700BA96B3 /* DraftListViewController.xib */,
				89E62DA622D1E8BA007922FF /* UserSubmissionListViewController.swift */,
				89E62DA722D1E8BA007922FF /* UserSubmissionListViewController.xib */,
			);
			path = User;
			sourceTree = "<group>";
		};
		89C776FC22CA690000BA96B3 /* SharedUI */ = {
			isa = PBXGroup;
			children = (
				89C776F822CA68F600BA96B3 /* LogInViewController.swift */,
				89C776F922CA68F700BA96B3 /* LogInViewController.xib */,
				89E62D8A22D04BC1007922FF /* SubmissionDetailViewController.swift */,
				89E62D8B22D04BC1007922FF /* SubmissionDetailViewController.xib */,
				89E62DB422D3027A007922FF /* EventListViewController.swift */,
				89E62DB522D3027A007922FF /* EventListViewController.xib */,
				89E62DBE22D33254007922FF /* EventDetailViewController.swift */,
				89E62DBF22D33254007922FF /* EventDetailViewController.xib */,
				89E62DC222D3597C007922FF /* SeeMoreViewController.swift */,
				89E62DC322D3597C007922FF /* SeeMoreViewController.xib */,
				89E62DC622D385E0007922FF /* ProfileViewController.swift */,
				89E62DC722D385E0007922FF /* ProfileViewController.xib */,
			);
			path = SharedUI;
			sourceTree = "<group>";
		};
		89C776FD22CA696900BA96B3 /* Extensions */ = {
			isa = PBXGroup;
			children = (
				89C776FE22CA698C00BA96B3 /* UITextField+Design.swift */,
				89C7771722CC664100BA96B3 /* UIButton+Design.swift */,
				89C7771D22CCD89800BA96B3 /* UITextView+Placeholder.swift */,
				89C7771F22CD004B00BA96B3 /* UIImage+Compression.swift */,
				89E62D8822CFB383007922FF /* UIImage+DownloadImage.swift */,
				89E62DB022D20AF2007922FF /* String+DownloadImage.swift */,
				89E62DBC22D32BFE007922FF /* UIColor+Bantu.swift */,
			);
			path = Extensions;
			sourceTree = "<group>";
		};
		89C7770E22CBBF1600BA96B3 /* CollectionViewCells */ = {
			isa = PBXGroup;
			children = (
				89C7770F22CBBF6700BA96B3 /* ImageCollectionViewCell.swift */,
				89C7771022CBBF6700BA96B3 /* ImageCollectionViewCell.xib */,
				89C7771922CCAE0500BA96B3 /* FooterCollectionReusableView.swift */,
				89C7771A22CCAE0500BA96B3 /* FooterCollectionReusableView.xib */,
			);
			path = CollectionViewCells;
			sourceTree = "<group>";
		};
		89C7772B22CD9C4700BA96B3 /* Views */ = {
			isa = PBXGroup;
			children = (
				89C7772C22CD9C5C00BA96B3 /* TableViewCells */,
				89C7770E22CBBF1600BA96B3 /* CollectionViewCells */,
			);
			path = Views;
			sourceTree = "<group>";
		};
		89C7772C22CD9C5C00BA96B3 /* TableViewCells */ = {
			isa = PBXGroup;
			children = (
				89C7772D22CD9C7B00BA96B3 /* DraftListTableViewCell.swift */,
				89C7772E22CD9C7B00BA96B3 /* DraftListTableViewCell.xib */,
				89E62D8422CFB0F5007922FF /* AdminSubmissionListTableViewCell.swift */,
				89E62D8522CFB0F5007922FF /* AdminSubmissionListTableViewCell.xib */,
				89E62DAC22D1F581007922FF /* UserSubmissionListTableViewCell.swift */,
				89E62DAD22D1F581007922FF /* UserSubmissionListTableViewCell.xib */,
				89E62DB822D30A33007922FF /* EventListTableViewCell.swift */,
				89E62DB922D30A33007922FF /* EventListTableViewCell.xib */,
			);
			path = TableViewCells;
			sourceTree = "<group>";
		};
		89E62D8E22D0549E007922FF /* Services */ = {
			isa = PBXGroup;
			children = (
				89E62D8F22D0549E007922FF /* GlobalSession.swift */,
				850B31F822D1E6150005E0CA /* PostServices.swift */,
				89E62D9022D0549E007922FF /* UserServices.swift */,
				8539CF8A22D329EE004645B7 /* EventServices.swift */,
			);
			path = Services;
			sourceTree = "<group>";
		};
		89E62D9122D0549E007922FF /* Model */ = {
			isa = PBXGroup;
			children = (
				850B320C22D1FDCB0005E0CA /* DraftEntityModel.swift */,
				89E62D9222D0549E007922FF /* Location.swift */,
				89E62D9322D0549E007922FF /* User.swift */,
				89E62D9422D0549E007922FF /* Post.swift */,
				8539CF8822D31ECA004645B7 /* Event.swift */,
			);
			path = Model;
			sourceTree = "<group>";
		};
		A76F604089520F4E9C446F22 /* Pods */ = {
			isa = PBXGroup;
			children = (
				D530BC9E39FF417DE82BE4D2 /* Pods-Bantu.debug.xcconfig */,
				34E0EEB44D00F9497FEC8D47 /* Pods-Bantu.release.xcconfig */,
			);
			name = Pods;
			sourceTree = "<group>";
		};
/* End PBXGroup section */

/* Begin PBXNativeTarget section */
		85E5CD7222C23735005937F7 /* Bantu */ = {
			isa = PBXNativeTarget;
			buildConfigurationList = 85E5CD8522C23736005937F7 /* Build configuration list for PBXNativeTarget "Bantu" */;
			buildPhases = (
				76B3E42F4A86E03BD49D7DA1 /* [CP] Check Pods Manifest.lock */,
				85E5CD6F22C23735005937F7 /* Sources */,
				85E5CD7022C23735005937F7 /* Frameworks */,
				85E5CD7122C23735005937F7 /* Resources */,
				F2648FAB9DAA68972B6224DA /* [CP] Embed Pods Frameworks */,
			);
			buildRules = (
			);
			dependencies = (
			);
			name = Bantu;
			productName = Bantu;
			productReference = 85E5CD7322C23735005937F7 /* Bantu.app */;
			productType = "com.apple.product-type.application";
		};
/* End PBXNativeTarget section */

/* Begin PBXProject section */
		85E5CD6B22C23735005937F7 /* Project object */ = {
			isa = PBXProject;
			attributes = {
				LastSwiftUpdateCheck = 1020;
				LastUpgradeCheck = 1020;
				ORGANIZATIONNAME = "Steven Muliamin";
				TargetAttributes = {
					85E5CD7222C23735005937F7 = {
						CreatedOnToolsVersion = 10.2;
					};
				};
			};
			buildConfigurationList = 85E5CD6E22C23735005937F7 /* Build configuration list for PBXProject "Bantu" */;
			compatibilityVersion = "Xcode 9.3";
			developmentRegion = en;
			hasScannedForEncodings = 0;
			knownRegions = (
				en,
				Base,
			);
			mainGroup = 85E5CD6A22C23735005937F7;
			productRefGroup = 85E5CD7422C23735005937F7 /* Products */;
			projectDirPath = "";
			projectRoot = "";
			targets = (
				85E5CD7222C23735005937F7 /* Bantu */,
			);
		};
/* End PBXProject section */

/* Begin PBXResourcesBuildPhase section */
		85E5CD7122C23735005937F7 /* Resources */ = {
			isa = PBXResourcesBuildPhase;
			buildActionMask = 2147483647;
			files = (
				89C7772A22CD1AD700BA96B3 /* DraftListViewController.xib in Resources */,
				85E5CD8122C23736005937F7 /* LaunchScreen.storyboard in Resources */,
				89E62DA122D1C880007922FF /* ChooseSchoolViewController.xib in Resources */,
				89E62D9D22D0FD45007922FF /* CreateEventViewController.xib in Resources */,
				89E62DBB22D30A33007922FF /* EventListTableViewCell.xib in Resources */,
				89E62D8722CFB0F5007922FF /* AdminSubmissionListTableViewCell.xib in Resources */,
				89C7773022CD9C7B00BA96B3 /* DraftListTableViewCell.xib in Resources */,
				89C7770D22CB913700BA96B3 /* CreateDraftViewController.xib in Resources */,
				89C7771C22CCAE0500BA96B3 /* FooterCollectionReusableView.xib in Resources */,
				89C7770922CB090C00BA96B3 /* SignUpViewController.xib in Resources */,
				89C776ED22C23F4000BA96B3 /* GoogleService-Info.plist in Resources */,
				85E5CD7E22C23736005937F7 /* Assets.xcassets in Resources */,
				89E62D8D22D04BC1007922FF /* SubmissionDetailViewController.xib in Resources */,
				85E5CD7C22C23735005937F7 /* Main.storyboard in Resources */,
				89E62DC922D385E0007922FF /* ProfileViewController.xib in Resources */,
				89E62DAF22D1F581007922FF /* UserSubmissionListTableViewCell.xib in Resources */,
				89E62DB722D3027A007922FF /* EventListViewController.xib in Resources */,
				89C7771222CBBF6700BA96B3 /* ImageCollectionViewCell.xib in Resources */,
				89E62DC522D3597C007922FF /* SeeMoreViewController.xib in Resources */,
				89C776FB22CA68F700BA96B3 /* LogInViewController.xib in Resources */,
				89E62D8122CFAFCA007922FF /* AdminSubmissionListViewController.xib in Resources */,
				89E62DA922D1E8BA007922FF /* UserSubmissionListViewController.xib in Resources */,
				89E62DC122D33254007922FF /* EventDetailViewController.xib in Resources */,
			);
			runOnlyForDeploymentPostprocessing = 0;
		};
/* End PBXResourcesBuildPhase section */

/* Begin PBXShellScriptBuildPhase section */
		76B3E42F4A86E03BD49D7DA1 /* [CP] Check Pods Manifest.lock */ = {
			isa = PBXShellScriptBuildPhase;
			buildActionMask = 2147483647;
			files = (
			);
			inputPaths = (
				"${PODS_PODFILE_DIR_PATH}/Podfile.lock",
				"${PODS_ROOT}/Manifest.lock",
			);
			name = "[CP] Check Pods Manifest.lock";
			outputPaths = (
				"$(DERIVED_FILE_DIR)/Pods-Bantu-checkManifestLockResult.txt",
			);
			runOnlyForDeploymentPostprocessing = 0;
			shellPath = /bin/sh;
			shellScript = "diff \"${PODS_PODFILE_DIR_PATH}/Podfile.lock\" \"${PODS_ROOT}/Manifest.lock\" > /dev/null\nif [ $? != 0 ] ; then\n    # print error to STDERR\n    echo \"error: The sandbox is not in sync with the Podfile.lock. Run 'pod install' or update your CocoaPods installation.\" >&2\n    exit 1\nfi\n# This output is used by Xcode 'outputs' to avoid re-running this script phase.\necho \"SUCCESS\" > \"${SCRIPT_OUTPUT_FILE_0}\"\n";
			showEnvVarsInLog = 0;
		};
		F2648FAB9DAA68972B6224DA /* [CP] Embed Pods Frameworks */ = {
			isa = PBXShellScriptBuildPhase;
			buildActionMask = 2147483647;
			files = (
			);
			inputPaths = (
				"${SRCROOT}/Pods/Target Support Files/Pods-Bantu/Pods-Bantu-frameworks.sh",
				"${BUILT_PRODUCTS_DIR}/GTMSessionFetcher/GTMSessionFetcher.framework",
				"${BUILT_PRODUCTS_DIR}/GoogleUtilities/GoogleUtilities.framework",
				"${BUILT_PRODUCTS_DIR}/ImageSlideshow/ImageSlideshow.framework",
				"${BUILT_PRODUCTS_DIR}/SwiftOverlays/SwiftOverlays.framework",
				"${BUILT_PRODUCTS_DIR}/leveldb-library/leveldb.framework",
				"${BUILT_PRODUCTS_DIR}/nanopb/nanopb.framework",
			);
			name = "[CP] Embed Pods Frameworks";
			outputPaths = (
				"${TARGET_BUILD_DIR}/${FRAMEWORKS_FOLDER_PATH}/GTMSessionFetcher.framework",
				"${TARGET_BUILD_DIR}/${FRAMEWORKS_FOLDER_PATH}/GoogleUtilities.framework",
				"${TARGET_BUILD_DIR}/${FRAMEWORKS_FOLDER_PATH}/ImageSlideshow.framework",
				"${TARGET_BUILD_DIR}/${FRAMEWORKS_FOLDER_PATH}/SwiftOverlays.framework",
				"${TARGET_BUILD_DIR}/${FRAMEWORKS_FOLDER_PATH}/leveldb.framework",
				"${TARGET_BUILD_DIR}/${FRAMEWORKS_FOLDER_PATH}/nanopb.framework",
			);
			runOnlyForDeploymentPostprocessing = 0;
			shellPath = /bin/sh;
			shellScript = "\"${SRCROOT}/Pods/Target Support Files/Pods-Bantu/Pods-Bantu-frameworks.sh\"\n";
			showEnvVarsInLog = 0;
		};
/* End PBXShellScriptBuildPhase section */

/* Begin PBXSourcesBuildPhase section */
		85E5CD6F22C23735005937F7 /* Sources */ = {
			isa = PBXSourcesBuildPhase;
			buildActionMask = 2147483647;
			files = (
				850B31F922D1E6150005E0CA /* PostServices.swift in Sources */,
				89C7772022CD004B00BA96B3 /* UIImage+Compression.swift in Sources */,
				89C7771B22CCAE0500BA96B3 /* FooterCollectionReusableView.swift in Sources */,
				850B31FF22D1F3FA0005E0CA /* LocalModel.xcdatamodeld in Sources */,
				89E62D8922CFB383007922FF /* UIImage+DownloadImage.swift in Sources */,
				89C7771822CC664100BA96B3 /* UIButton+Design.swift in Sources */,
				89E62DC022D33254007922FF /* EventDetailViewController.swift in Sources */,
				89C7772922CD1AD700BA96B3 /* DraftListViewController.swift in Sources */,
				89C7771122CBBF6700BA96B3 /* ImageCollectionViewCell.swift in Sources */,
				850B321022D1FE730005E0CA /* DraftEntity+CoreDataProperties.swift in Sources */,
				89E62DC422D3597C007922FF /* SeeMoreViewController.swift in Sources */,
				89E62DA022D1C880007922FF /* ChooseSchoolViewController.swift in Sources */,
				89E62DB122D20AF2007922FF /* String+DownloadImage.swift in Sources */,
				89C776F122C8EE6000BA96B3 /* MainEventListViewController.swift in Sources */,
				89E62DBA22D30A33007922FF /* EventListTableViewCell.swift in Sources */,
				89E62DBD22D32BFE007922FF /* UIColor+Bantu.swift in Sources */,
				89C7772F22CD9C7B00BA96B3 /* DraftListTableViewCell.swift in Sources */,
				89E62D9922D0549E007922FF /* Post.swift in Sources */,
				89E62DC822D385E0007922FF /* ProfileViewController.swift in Sources */,
				85E5CD7722C23735005937F7 /* AppDelegate.swift in Sources */,
				89E62DB622D3027A007922FF /* EventListViewController.swift in Sources */,
				89C776FA22CA68F700BA96B3 /* LogInViewController.swift in Sources */,
				89C7770522CA73C300BA96B3 /* Globals.swift in Sources */,
				850B321122D1FE730005E0CA /* DraftEntity+CoreDataClass.swift in Sources */,
				89E62D9622D0549E007922FF /* UserServices.swift in Sources */,
				89C7771E22CCD89800BA96B3 /* UITextView+Placeholder.swift in Sources */,
				89E62D9722D0549E007922FF /* Location.swift in Sources */,
				89E62DAE22D1F581007922FF /* UserSubmissionListTableViewCell.swift in Sources */,
				89E62D9522D0549E007922FF /* GlobalSession.swift in Sources */,
				89E62D8C22D04BC1007922FF /* SubmissionDetailViewController.swift in Sources */,
				89E62DA822D1E8BA007922FF /* UserSubmissionListViewController.swift in Sources */,
				89C7770C22CB913700BA96B3 /* CreateDraftViewController.swift in Sources */,
				89E62D9C22D0FD45007922FF /* CreateEventViewController.swift in Sources */,
				89E62D8622CFB0F5007922FF /* AdminSubmissionListTableViewCell.swift in Sources */,
				8539CF8922D31ECA004645B7 /* Event.swift in Sources */,
				89C7770822CB090C00BA96B3 /* SignUpViewController.swift in Sources */,
				850B31FC22D1F3240005E0CA /* LocalServices.swift in Sources */,
				850B320D22D1FDCB0005E0CA /* DraftEntityModel.swift in Sources */,
				89E62D9822D0549E007922FF /* User.swift in Sources */,
				89C776FF22CA698C00BA96B3 /* UITextField+Design.swift in Sources */,
				89E62D8022CFAFCA007922FF /* AdminSubmissionListViewController.swift in Sources */,
				8539CF8B22D329EE004645B7 /* EventServices.swift in Sources */,
			);
			runOnlyForDeploymentPostprocessing = 0;
		};
/* End PBXSourcesBuildPhase section */

/* Begin PBXVariantGroup section */
		85E5CD7A22C23735005937F7 /* Main.storyboard */ = {
			isa = PBXVariantGroup;
			children = (
				85E5CD7B22C23735005937F7 /* Base */,
			);
			name = Main.storyboard;
			sourceTree = "<group>";
		};
		85E5CD7F22C23736005937F7 /* LaunchScreen.storyboard */ = {
			isa = PBXVariantGroup;
			children = (
				85E5CD8022C23736005937F7 /* Base */,
			);
			name = LaunchScreen.storyboard;
			sourceTree = "<group>";
		};
/* End PBXVariantGroup section */

/* Begin XCBuildConfiguration section */
		85E5CD8322C23736005937F7 /* Debug */ = {
			isa = XCBuildConfiguration;
			buildSettings = {
				ALWAYS_SEARCH_USER_PATHS = NO;
				CLANG_ANALYZER_NONNULL = YES;
				CLANG_ANALYZER_NUMBER_OBJECT_CONVERSION = YES_AGGRESSIVE;
				CLANG_CXX_LANGUAGE_STANDARD = "gnu++14";
				CLANG_CXX_LIBRARY = "libc++";
				CLANG_ENABLE_MODULES = YES;
				CLANG_ENABLE_OBJC_ARC = YES;
				CLANG_ENABLE_OBJC_WEAK = YES;
				CLANG_WARN_BLOCK_CAPTURE_AUTORELEASING = YES;
				CLANG_WARN_BOOL_CONVERSION = YES;
				CLANG_WARN_COMMA = YES;
				CLANG_WARN_CONSTANT_CONVERSION = YES;
				CLANG_WARN_DEPRECATED_OBJC_IMPLEMENTATIONS = YES;
				CLANG_WARN_DIRECT_OBJC_ISA_USAGE = YES_ERROR;
				CLANG_WARN_DOCUMENTATION_COMMENTS = YES;
				CLANG_WARN_EMPTY_BODY = YES;
				CLANG_WARN_ENUM_CONVERSION = YES;
				CLANG_WARN_INFINITE_RECURSION = YES;
				CLANG_WARN_INT_CONVERSION = YES;
				CLANG_WARN_NON_LITERAL_NULL_CONVERSION = YES;
				CLANG_WARN_OBJC_IMPLICIT_RETAIN_SELF = YES;
				CLANG_WARN_OBJC_LITERAL_CONVERSION = YES;
				CLANG_WARN_OBJC_ROOT_CLASS = YES_ERROR;
				CLANG_WARN_RANGE_LOOP_ANALYSIS = YES;
				CLANG_WARN_STRICT_PROTOTYPES = YES;
				CLANG_WARN_SUSPICIOUS_MOVE = YES;
				CLANG_WARN_UNGUARDED_AVAILABILITY = YES_AGGRESSIVE;
				CLANG_WARN_UNREACHABLE_CODE = YES;
				CLANG_WARN__DUPLICATE_METHOD_MATCH = YES;
				CODE_SIGN_IDENTITY = "iPhone Developer";
				COPY_PHASE_STRIP = NO;
				DEBUG_INFORMATION_FORMAT = dwarf;
				ENABLE_STRICT_OBJC_MSGSEND = YES;
				ENABLE_TESTABILITY = YES;
				GCC_C_LANGUAGE_STANDARD = gnu11;
				GCC_DYNAMIC_NO_PIC = NO;
				GCC_NO_COMMON_BLOCKS = YES;
				GCC_OPTIMIZATION_LEVEL = 0;
				GCC_PREPROCESSOR_DEFINITIONS = (
					"DEBUG=1",
					"$(inherited)",
				);
				GCC_WARN_64_TO_32_BIT_CONVERSION = YES;
				GCC_WARN_ABOUT_RETURN_TYPE = YES_ERROR;
				GCC_WARN_UNDECLARED_SELECTOR = YES;
				GCC_WARN_UNINITIALIZED_AUTOS = YES_AGGRESSIVE;
				GCC_WARN_UNUSED_FUNCTION = YES;
				GCC_WARN_UNUSED_VARIABLE = YES;
				IPHONEOS_DEPLOYMENT_TARGET = 12.2;
				MTL_ENABLE_DEBUG_INFO = INCLUDE_SOURCE;
				MTL_FAST_MATH = YES;
				ONLY_ACTIVE_ARCH = YES;
				SDKROOT = iphoneos;
				SWIFT_ACTIVE_COMPILATION_CONDITIONS = DEBUG;
				SWIFT_OPTIMIZATION_LEVEL = "-Onone";
			};
			name = Debug;
		};
		85E5CD8422C23736005937F7 /* Release */ = {
			isa = XCBuildConfiguration;
			buildSettings = {
				ALWAYS_SEARCH_USER_PATHS = NO;
				CLANG_ANALYZER_NONNULL = YES;
				CLANG_ANALYZER_NUMBER_OBJECT_CONVERSION = YES_AGGRESSIVE;
				CLANG_CXX_LANGUAGE_STANDARD = "gnu++14";
				CLANG_CXX_LIBRARY = "libc++";
				CLANG_ENABLE_MODULES = YES;
				CLANG_ENABLE_OBJC_ARC = YES;
				CLANG_ENABLE_OBJC_WEAK = YES;
				CLANG_WARN_BLOCK_CAPTURE_AUTORELEASING = YES;
				CLANG_WARN_BOOL_CONVERSION = YES;
				CLANG_WARN_COMMA = YES;
				CLANG_WARN_CONSTANT_CONVERSION = YES;
				CLANG_WARN_DEPRECATED_OBJC_IMPLEMENTATIONS = YES;
				CLANG_WARN_DIRECT_OBJC_ISA_USAGE = YES_ERROR;
				CLANG_WARN_DOCUMENTATION_COMMENTS = YES;
				CLANG_WARN_EMPTY_BODY = YES;
				CLANG_WARN_ENUM_CONVERSION = YES;
				CLANG_WARN_INFINITE_RECURSION = YES;
				CLANG_WARN_INT_CONVERSION = YES;
				CLANG_WARN_NON_LITERAL_NULL_CONVERSION = YES;
				CLANG_WARN_OBJC_IMPLICIT_RETAIN_SELF = YES;
				CLANG_WARN_OBJC_LITERAL_CONVERSION = YES;
				CLANG_WARN_OBJC_ROOT_CLASS = YES_ERROR;
				CLANG_WARN_RANGE_LOOP_ANALYSIS = YES;
				CLANG_WARN_STRICT_PROTOTYPES = YES;
				CLANG_WARN_SUSPICIOUS_MOVE = YES;
				CLANG_WARN_UNGUARDED_AVAILABILITY = YES_AGGRESSIVE;
				CLANG_WARN_UNREACHABLE_CODE = YES;
				CLANG_WARN__DUPLICATE_METHOD_MATCH = YES;
				CODE_SIGN_IDENTITY = "iPhone Developer";
				COPY_PHASE_STRIP = NO;
				DEBUG_INFORMATION_FORMAT = "dwarf-with-dsym";
				ENABLE_NS_ASSERTIONS = NO;
				ENABLE_STRICT_OBJC_MSGSEND = YES;
				GCC_C_LANGUAGE_STANDARD = gnu11;
				GCC_NO_COMMON_BLOCKS = YES;
				GCC_WARN_64_TO_32_BIT_CONVERSION = YES;
				GCC_WARN_ABOUT_RETURN_TYPE = YES_ERROR;
				GCC_WARN_UNDECLARED_SELECTOR = YES;
				GCC_WARN_UNINITIALIZED_AUTOS = YES_AGGRESSIVE;
				GCC_WARN_UNUSED_FUNCTION = YES;
				GCC_WARN_UNUSED_VARIABLE = YES;
				IPHONEOS_DEPLOYMENT_TARGET = 12.2;
				MTL_ENABLE_DEBUG_INFO = NO;
				MTL_FAST_MATH = YES;
				SDKROOT = iphoneos;
				SWIFT_COMPILATION_MODE = wholemodule;
				SWIFT_OPTIMIZATION_LEVEL = "-O";
				VALIDATE_PRODUCT = YES;
			};
			name = Release;
		};
		85E5CD8622C23736005937F7 /* Debug */ = {
			isa = XCBuildConfiguration;
			baseConfigurationReference = D530BC9E39FF417DE82BE4D2 /* Pods-Bantu.debug.xcconfig */;
			buildSettings = {
				ASSETCATALOG_COMPILER_APPICON_NAME = AppIcon;
				CODE_SIGN_STYLE = Automatic;
				DEVELOPMENT_TEAM = VX2M58CCM9;
				INFOPLIST_FILE = Bantu/Info.plist;
				LD_RUNPATH_SEARCH_PATHS = (
					"$(inherited)",
					"@executable_path/Frameworks",
				);
				PRODUCT_BUNDLE_IDENTIFIER = com.peppermint.bantu;
				PRODUCT_NAME = "$(TARGET_NAME)";
				SWIFT_VERSION = 5.0;
				TARGETED_DEVICE_FAMILY = "1,2";
			};
			name = Debug;
		};
		85E5CD8722C23736005937F7 /* Release */ = {
			isa = XCBuildConfiguration;
			baseConfigurationReference = 34E0EEB44D00F9497FEC8D47 /* Pods-Bantu.release.xcconfig */;
			buildSettings = {
				ASSETCATALOG_COMPILER_APPICON_NAME = AppIcon;
				CODE_SIGN_STYLE = Automatic;
				DEVELOPMENT_TEAM = VX2M58CCM9;
				INFOPLIST_FILE = Bantu/Info.plist;
				LD_RUNPATH_SEARCH_PATHS = (
					"$(inherited)",
					"@executable_path/Frameworks",
				);
				PRODUCT_BUNDLE_IDENTIFIER = com.peppermint.bantu;
				PRODUCT_NAME = "$(TARGET_NAME)";
				SWIFT_VERSION = 5.0;
				TARGETED_DEVICE_FAMILY = "1,2";
			};
			name = Release;
		};
/* End XCBuildConfiguration section */

/* Begin XCConfigurationList section */
		85E5CD6E22C23735005937F7 /* Build configuration list for PBXProject "Bantu" */ = {
			isa = XCConfigurationList;
			buildConfigurations = (
				85E5CD8322C23736005937F7 /* Debug */,
				85E5CD8422C23736005937F7 /* Release */,
			);
			defaultConfigurationIsVisible = 0;
			defaultConfigurationName = Release;
		};
		85E5CD8522C23736005937F7 /* Build configuration list for PBXNativeTarget "Bantu" */ = {
			isa = XCConfigurationList;
			buildConfigurations = (
				85E5CD8622C23736005937F7 /* Debug */,
				85E5CD8722C23736005937F7 /* Release */,
			);
			defaultConfigurationIsVisible = 0;
			defaultConfigurationName = Release;
		};
/* End XCConfigurationList section */

/* Begin XCVersionGroup section */
		850B31FD22D1F3FA0005E0CA /* LocalModel.xcdatamodeld */ = {
			isa = XCVersionGroup;
			children = (
				850B31FE22D1F3FA0005E0CA /* LocalModel.xcdatamodel */,
			);
			currentVersion = 850B31FE22D1F3FA0005E0CA /* LocalModel.xcdatamodel */;
			path = LocalModel.xcdatamodeld;
			sourceTree = "<group>";
			versionGroupType = wrapper.xcdatamodel;
		};
/* End XCVersionGroup section */
	};
	rootObject = 85E5CD6B22C23735005937F7 /* Project object */;
}
